
Microsoft Visual Studio Solution File, Format Version 12.00
# Visual Studio 15
VisualStudioVersion = 15.0.28307.102
MinimumVisualStudioVersion = 10.0.40219.1
Project("{9A19103F-16F7-4668-BE54-9A1E7A4F7556}") = "CLMS.Framework", "src\CLMS.Framework.Net47\CLMS.Framework.csproj", "{DBFF98F9-C693-4548-BF10-D154A9054687}"
EndProject
Project("{2150E333-8FDC-42A3-9474-1A3956D46DE8}") = "src", "src", "{A33C3486-DA10-4CD4-8146-26A128275620}"
EndProject
Project("{2150E333-8FDC-42A3-9474-1A3956D46DE8}") = "tests", "tests", "{880E5AD8-9ACD-4941-B7EB-27AFE355B14C}"
EndProject
Project("{9A19103F-16F7-4668-BE54-9A1E7A4F7556}") = "CLMS.Framework.OLD", "src\CLMS.Framework\CLMS.Framework.OLD.csproj", "{18F71740-87B8-4B5E-9052-182E4E2728E8}"
EndProject
Project("{9A19103F-16F7-4668-BE54-9A1E7A4F7556}") = "CLMS.Framework.Tests", "tests\CLMS.Framework.Test\CLMS.Framework.Tests.csproj", "{1F5AF672-C01B-45BE-B1A4-EF02F691EB38}"
EndProject
Project("{2150E333-8FDC-42A3-9474-1A3956D46DE8}") = "sample", "sample", "{5770D99E-FFF4-461D-9ECB-A3E7E629153A}"
EndProject
Project("{9A19103F-16F7-4668-BE54-9A1E7A4F7556}") = "DemoProject", "DemoProject\DemoProject.csproj", "{69EDB049-F9CE-4783-B749-0EC1F80CEE9D}"
EndProject
Global
	GlobalSection(SolutionConfigurationPlatforms) = preSolution
		Debug|Any CPU = Debug|Any CPU
		Release|Any CPU = Release|Any CPU
	EndGlobalSection
	GlobalSection(ProjectConfigurationPlatforms) = postSolution
		{DBFF98F9-C693-4548-BF10-D154A9054687}.Debug|Any CPU.ActiveCfg = Debug|Any CPU
		{DBFF98F9-C693-4548-BF10-D154A9054687}.Debug|Any CPU.Build.0 = Debug|Any CPU
		{DBFF98F9-C693-4548-BF10-D154A9054687}.Release|Any CPU.ActiveCfg = Release|Any CPU
		{DBFF98F9-C693-4548-BF10-D154A9054687}.Release|Any CPU.Build.0 = Release|Any CPU
		{18F71740-87B8-4B5E-9052-182E4E2728E8}.Debug|Any CPU.ActiveCfg = Debug|Any CPU
		{18F71740-87B8-4B5E-9052-182E4E2728E8}.Debug|Any CPU.Build.0 = Debug|Any CPU
		{18F71740-87B8-4B5E-9052-182E4E2728E8}.Release|Any CPU.ActiveCfg = Release|Any CPU
		{18F71740-87B8-4B5E-9052-182E4E2728E8}.Release|Any CPU.Build.0 = Release|Any CPU
		{1F5AF672-C01B-45BE-B1A4-EF02F691EB38}.Debug|Any CPU.ActiveCfg = Debug|Any CPU
		{1F5AF672-C01B-45BE-B1A4-EF02F691EB38}.Debug|Any CPU.Build.0 = Debug|Any CPU
		{1F5AF672-C01B-45BE-B1A4-EF02F691EB38}.Release|Any CPU.ActiveCfg = Release|Any CPU
		{1F5AF672-C01B-45BE-B1A4-EF02F691EB38}.Release|Any CPU.Build.0 = Release|Any CPU
		{69EDB049-F9CE-4783-B749-0EC1F80CEE9D}.Debug|Any CPU.ActiveCfg = Debug|Any CPU
		{69EDB049-F9CE-4783-B749-0EC1F80CEE9D}.Debug|Any CPU.Build.0 = Debug|Any CPU
		{69EDB049-F9CE-4783-B749-0EC1F80CEE9D}.Release|Any CPU.ActiveCfg = Release|Any CPU
		{69EDB049-F9CE-4783-B749-0EC1F80CEE9D}.Release|Any CPU.Build.0 = Release|Any CPU
	EndGlobalSection
	GlobalSection(SolutionProperties) = preSolution
		HideSolutionNode = FALSE
	EndGlobalSection
	GlobalSection(NestedProjects) = preSolution
		{DBFF98F9-C693-4548-BF10-D154A9054687} = {A33C3486-DA10-4CD4-8146-26A128275620}
		{18F71740-87B8-4B5E-9052-182E4E2728E8} = {A33C3486-DA10-4CD4-8146-26A128275620}
		{1F5AF672-C01B-45BE-B1A4-EF02F691EB38} = {880E5AD8-9ACD-4941-B7EB-27AFE355B14C}
		{69EDB049-F9CE-4783-B749-0EC1F80CEE9D} = {5770D99E-FFF4-461D-9ECB-A3E7E629153A}
	EndGlobalSection
	GlobalSection(ExtensibilityGlobals) = postSolution
		SolutionGuid = {79E5869A-D5D9-46DA-97A9-2093AEB430E5}
	EndGlobalSection
EndGlobal
