
Microsoft Visual Studio Solution File, Format Version 12.00
# Visual Studio Version 16
VisualStudioVersion = 16.0.28315.86
MinimumVisualStudioVersion = 10.0.40219.1
Project("{2150E333-8FDC-42A3-9474-1A3956D46DE8}") = "src", "src", "{A33C3486-DA10-4CD4-8146-26A128275620}"
EndProject
Project("{2150E333-8FDC-42A3-9474-1A3956D46DE8}") = "test", "test", "{880E5AD8-9ACD-4941-B7EB-27AFE355B14C}"
EndProject
Project("{2150E333-8FDC-42A3-9474-1A3956D46DE8}") = "sample", "sample", "{5770D99E-FFF4-461D-9ECB-A3E7E629153A}"
EndProject
Project("{9A19103F-16F7-4668-BE54-9A1E7A4F7556}") = "DemoProject", "DemoProject\DemoProject.csproj", "{69EDB049-F9CE-4783-B749-0EC1F80CEE9D}"
EndProject
Project("{9A19103F-16F7-4668-BE54-9A1E7A4F7556}") = "CLMS.Framework", "src\CLMS.Framework\CLMS.Framework.csproj", "{DB9BEF2E-A1D4-491F-B1FE-FA1FBE4AACD5}"
EndProject
Project("{9A19103F-16F7-4668-BE54-9A1E7A4F7556}") = "CLMS.Framework.OLD", "src\CLMS.Framework.OLD\CLMS.Framework.OLD.csproj", "{3AAD9A67-2DA3-4476-B437-C7DFC43B0A5E}"
EndProject
Project("{9A19103F-16F7-4668-BE54-9A1E7A4F7556}") = "CLMS.Framework.Tests", "test\CLMS.Framework.Tests\CLMS.Framework.Tests.csproj", "{1D0D042C-7B1A-4F86-A7C2-4435929BDB72}"
EndProject
Global
	GlobalSection(SolutionConfigurationPlatforms) = preSolution
		Debug|Any CPU = Debug|Any CPU
		Release|Any CPU = Release|Any CPU
	EndGlobalSection
	GlobalSection(ProjectConfigurationPlatforms) = postSolution
		{69EDB049-F9CE-4783-B749-0EC1F80CEE9D}.Debug|Any CPU.ActiveCfg = Debug|Any CPU
		{69EDB049-F9CE-4783-B749-0EC1F80CEE9D}.Debug|Any CPU.Build.0 = Debug|Any CPU
		{69EDB049-F9CE-4783-B749-0EC1F80CEE9D}.Release|Any CPU.ActiveCfg = Release|Any CPU
		{69EDB049-F9CE-4783-B749-0EC1F80CEE9D}.Release|Any CPU.Build.0 = Release|Any CPU
		{DB9BEF2E-A1D4-491F-B1FE-FA1FBE4AACD5}.Debug|Any CPU.ActiveCfg = Debug|Any CPU
		{DB9BEF2E-A1D4-491F-B1FE-FA1FBE4AACD5}.Debug|Any CPU.Build.0 = Debug|Any CPU
		{DB9BEF2E-A1D4-491F-B1FE-FA1FBE4AACD5}.Release|Any CPU.ActiveCfg = Release|Any CPU
		{DB9BEF2E-A1D4-491F-B1FE-FA1FBE4AACD5}.Release|Any CPU.Build.0 = Release|Any CPU
		{3AAD9A67-2DA3-4476-B437-C7DFC43B0A5E}.Debug|Any CPU.ActiveCfg = Debug|Any CPU
		{3AAD9A67-2DA3-4476-B437-C7DFC43B0A5E}.Debug|Any CPU.Build.0 = Debug|Any CPU
		{3AAD9A67-2DA3-4476-B437-C7DFC43B0A5E}.Release|Any CPU.ActiveCfg = Release|Any CPU
		{3AAD9A67-2DA3-4476-B437-C7DFC43B0A5E}.Release|Any CPU.Build.0 = Release|Any CPU
		{1D0D042C-7B1A-4F86-A7C2-4435929BDB72}.Debug|Any CPU.ActiveCfg = Debug|Any CPU
		{1D0D042C-7B1A-4F86-A7C2-4435929BDB72}.Debug|Any CPU.Build.0 = Debug|Any CPU
		{1D0D042C-7B1A-4F86-A7C2-4435929BDB72}.Release|Any CPU.ActiveCfg = Release|Any CPU
		{1D0D042C-7B1A-4F86-A7C2-4435929BDB72}.Release|Any CPU.Build.0 = Release|Any CPU
	EndGlobalSection
	GlobalSection(SolutionProperties) = preSolution
		HideSolutionNode = FALSE
	EndGlobalSection
	GlobalSection(NestedProjects) = preSolution
		{69EDB049-F9CE-4783-B749-0EC1F80CEE9D} = {5770D99E-FFF4-461D-9ECB-A3E7E629153A}
		{DB9BEF2E-A1D4-491F-B1FE-FA1FBE4AACD5} = {A33C3486-DA10-4CD4-8146-26A128275620}
		{3AAD9A67-2DA3-4476-B437-C7DFC43B0A5E} = {A33C3486-DA10-4CD4-8146-26A128275620}
		{1D0D042C-7B1A-4F86-A7C2-4435929BDB72} = {880E5AD8-9ACD-4941-B7EB-27AFE355B14C}
	EndGlobalSection
	GlobalSection(ExtensibilityGlobals) = postSolution
		SolutionGuid = {79E5869A-D5D9-46DA-97A9-2093AEB430E5}
	EndGlobalSection
EndGlobal
